// !$*UTF8*$!
{
	archiveVersion = 1;
	classes = {
	};
	objectVersion = 46;
	objects = {

/* Begin PBXBuildFile section */
		F92A494B1E78DBCD005CE5D3 /* UIView+Extension.m in Sources */ = {isa = PBXBuildFile; fileRef = F92A494A1E78DBCD005CE5D3 /* UIView+Extension.m */; };
		F946817B1E78D32A00F0E40B /* main.m in Sources */ = {isa = PBXBuildFile; fileRef = F946817A1E78D32A00F0E40B /* main.m */; };
		F946817E1E78D32A00F0E40B /* AppDelegate.m in Sources */ = {isa = PBXBuildFile; fileRef = F946817D1E78D32A00F0E40B /* AppDelegate.m */; };
		F94681811E78D32A00F0E40B /* ViewController.m in Sources */ = {isa = PBXBuildFile; fileRef = F94681801E78D32A00F0E40B /* ViewController.m */; };
		F94681841E78D32A00F0E40B /* Main.storyboard in Resources */ = {isa = PBXBuildFile; fileRef = F94681821E78D32A00F0E40B /* Main.storyboard */; };
		F94681861E78D32A00F0E40B /* Assets.xcassets in Resources */ = {isa = PBXBuildFile; fileRef = F94681851E78D32A00F0E40B /* Assets.xcassets */; };
		F94681891E78D32A00F0E40B /* LaunchScreen.storyboard in Resources */ = {isa = PBXBuildFile; fileRef = F94681871E78D32A00F0E40B /* LaunchScreen.storyboard */; };
		F94681941E78D32A00F0E40B /* switchViewsDemoTests.m in Sources */ = {isa = PBXBuildFile; fileRef = F94681931E78D32A00F0E40B /* switchViewsDemoTests.m */; };
		F946819F1E78D32A00F0E40B /* switchViewsDemoUITests.m in Sources */ = {isa = PBXBuildFile; fileRef = F946819E1E78D32A00F0E40B /* switchViewsDemoUITests.m */; };
		F94681B11E78D6F900F0E40B /* ChildVC1.m in Sources */ = {isa = PBXBuildFile; fileRef = F94681B01E78D6F900F0E40B /* ChildVC1.m */; };
		F94681B41E78D71200F0E40B /* ChildVC2.m in Sources */ = {isa = PBXBuildFile; fileRef = F94681B31E78D71200F0E40B /* ChildVC2.m */; };
		F94681B71E78D72400F0E40B /* ChildVC3.m in Sources */ = {isa = PBXBuildFile; fileRef = F94681B61E78D72400F0E40B /* ChildVC3.m */; };
		F94681BB1E78D75000F0E40B /* ChildVC4.m in Sources */ = {isa = PBXBuildFile; fileRef = F94681BA1E78D75000F0E40B /* ChildVC4.m */; };
/* End PBXBuildFile section */

/* Begin PBXContainerItemProxy section */
		F94681901E78D32A00F0E40B /* PBXContainerItemProxy */ = {
			isa = PBXContainerItemProxy;
			containerPortal = F946816E1E78D32A00F0E40B /* Project object */;
			proxyType = 1;
			remoteGlobalIDString = F94681751E78D32A00F0E40B;
			remoteInfo = switchViewsDemo;
		};
		F946819B1E78D32A00F0E40B /* PBXContainerItemProxy */ = {
			isa = PBXContainerItemProxy;
			containerPortal = F946816E1E78D32A00F0E40B /* Project object */;
			proxyType = 1;
			remoteGlobalIDString = F94681751E78D32A00F0E40B;
			remoteInfo = switchViewsDemo;
		};
/* End PBXContainerItemProxy section */

/* Begin PBXFileReference section */
		F92A49491E78DBCD005CE5D3 /* UIView+Extension.h */ = {isa = PBXFileReference; fileEncoding = 4; lastKnownFileType = sourcecode.c.h; path = "UIView+Extension.h"; sourceTree = "<group>"; };
		F92A494A1E78DBCD005CE5D3 /* UIView+Extension.m */ = {isa = PBXFileReference; fileEncoding = 4; lastKnownFileType = sourcecode.c.objc; path = "UIView+Extension.m"; sourceTree = "<group>"; };
		F94681761E78D32A00F0E40B /* switchViewsDemo.app */ = {isa = PBXFileReference; explicitFileType = wrapper.application; includeInIndex = 0; path = switchViewsDemo.app; sourceTree = BUILT_PRODUCTS_DIR; };
		F946817A1E78D32A00F0E40B /* main.m */ = {isa = PBXFileReference; lastKnownFileType = sourcecode.c.objc; path = main.m; sourceTree = "<group>"; };
		F946817C1E78D32A00F0E40B /* AppDelegate.h */ = {isa = PBXFileReference; lastKnownFileType = sourcecode.c.h; path = AppDelegate.h; sourceTree = "<group>"; };
		F946817D1E78D32A00F0E40B /* AppDelegate.m */ = {isa = PBXFileReference; lastKnownFileType = sourcecode.c.objc; path = AppDelegate.m; sourceTree = "<group>"; };
		F946817F1E78D32A00F0E40B /* ViewController.h */ = {isa = PBXFileReference; lastKnownFileType = sourcecode.c.h; path = ViewController.h; sourceTree = "<group>"; };
		F94681801E78D32A00F0E40B /* ViewController.m */ = {isa = PBXFileReference; lastKnownFileType = sourcecode.c.objc; path = ViewController.m; sourceTree = "<group>"; };
		F94681831E78D32A00F0E40B /* Base */ = {isa = PBXFileReference; lastKnownFileType = file.storyboard; name = Base; path = Base.lproj/Main.storyboard; sourceTree = "<group>"; };
		F94681851E78D32A00F0E40B /* Assets.xcassets */ = {isa = PBXFileReference; lastKnownFileType = folder.assetcatalog; path = Assets.xcassets; sourceTree = "<group>"; };
		F94681881E78D32A00F0E40B /* Base */ = {isa = PBXFileReference; lastKnownFileType = file.storyboard; name = Base; path = Base.lproj/LaunchScreen.storyboard; sourceTree = "<group>"; };
		F946818A1E78D32A00F0E40B /* Info.plist */ = {isa = PBXFileReference; lastKnownFileType = text.plist.xml; path = Info.plist; sourceTree = "<group>"; };
		F946818F1E78D32A00F0E40B /* switchViewsDemoTests.xctest */ = {isa = PBXFileReference; explicitFileType = wrapper.cfbundle; includeInIndex = 0; path = switchViewsDemoTests.xctest; sourceTree = BUILT_PRODUCTS_DIR; };
		F94681931E78D32A00F0E40B /* switchViewsDemoTests.m */ = {isa = PBXFileReference; lastKnownFileType = sourcecode.c.objc; path = switchViewsDemoTests.m; sourceTree = "<group>"; };
		F94681951E78D32A00F0E40B /* Info.plist */ = {isa = PBXFileReference; lastKnownFileType = text.plist.xml; path = Info.plist; sourceTree = "<group>"; };
		F946819A1E78D32A00F0E40B /* switchViewsDemoUITests.xctest */ = {isa = PBXFileReference; explicitFileType = wrapper.cfbundle; includeInIndex = 0; path = switchViewsDemoUITests.xctest; sourceTree = BUILT_PRODUCTS_DIR; };
		F946819E1E78D32A00F0E40B /* switchViewsDemoUITests.m */ = {isa = PBXFileReference; lastKnownFileType = sourcecode.c.objc; path = switchViewsDemoUITests.m; sourceTree = "<group>"; };
		F94681A01E78D32A00F0E40B /* Info.plist */ = {isa = PBXFileReference; lastKnownFileType = text.plist.xml; path = Info.plist; sourceTree = "<group>"; };
		F94681AF1E78D6F900F0E40B /* ChildVC1.h */ = {isa = PBXFileReference; fileEncoding = 4; lastKnownFileType = sourcecode.c.h; path = ChildVC1.h; sourceTree = "<group>"; };
		F94681B01E78D6F900F0E40B /* ChildVC1.m */ = {isa = PBXFileReference; fileEncoding = 4; lastKnownFileType = sourcecode.c.objc; path = ChildVC1.m; sourceTree = "<group>"; };
		F94681B21E78D71200F0E40B /* ChildVC2.h */ = {isa = PBXFileReference; fileEncoding = 4; lastKnownFileType = sourcecode.c.h; path = ChildVC2.h; sourceTree = "<group>"; };
		F94681B31E78D71200F0E40B /* ChildVC2.m */ = {isa = PBXFileReference; fileEncoding = 4; lastKnownFileType = sourcecode.c.objc; path = ChildVC2.m; sourceTree = "<group>"; };
		F94681B51E78D72400F0E40B /* ChildVC3.h */ = {isa = PBXFileReference; fileEncoding = 4; lastKnownFileType = sourcecode.c.h; path = ChildVC3.h; sourceTree = "<group>"; };
		F94681B61E78D72400F0E40B /* ChildVC3.m */ = {isa = PBXFileReference; fileEncoding = 4; lastKnownFileType = sourcecode.c.objc; path = ChildVC3.m; sourceTree = "<group>"; };
		F94681B91E78D75000F0E40B /* ChildVC4.h */ = {isa = PBXFileReference; fileEncoding = 4; lastKnownFileType = sourcecode.c.h; path = ChildVC4.h; sourceTree = "<group>"; };
		F94681BA1E78D75000F0E40B /* ChildVC4.m */ = {isa = PBXFileReference; fileEncoding = 4; lastKnownFileType = sourcecode.c.objc; path = ChildVC4.m; sourceTree = "<group>"; };
/* End PBXFileReference section */

/* Begin PBXFrameworksBuildPhase section */
		F94681731E78D32A00F0E40B /* Frameworks */ = {
			isa = PBXFrameworksBuildPhase;
			buildActionMask = 2147483647;
			files = (
			);
			runOnlyForDeploymentPostprocessing = 0;
		};
		F946818C1E78D32A00F0E40B /* Frameworks */ = {
			isa = PBXFrameworksBuildPhase;
			buildActionMask = 2147483647;
			files = (
			);
			runOnlyForDeploymentPostprocessing = 0;
		};
		F94681971E78D32A00F0E40B /* Frameworks */ = {
			isa = PBXFrameworksBuildPhase;
			buildActionMask = 2147483647;
			files = (
			);
			runOnlyForDeploymentPostprocessing = 0;
		};
/* End PBXFrameworksBuildPhase section */

/* Begin PBXGroup section */
		F946816D1E78D32A00F0E40B = {
			isa = PBXGroup;
			children = (
				F94681781E78D32A00F0E40B /* switchViewsDemo */,
				F94681921E78D32A00F0E40B /* switchViewsDemoTests */,
				F946819D1E78D32A00F0E40B /* switchViewsDemoUITests */,
				F94681771E78D32A00F0E40B /* Products */,
			);
			sourceTree = "<group>";
		};
		F94681771E78D32A00F0E40B /* Products */ = {
			isa = PBXGroup;
			children = (
				F94681761E78D32A00F0E40B /* switchViewsDemo.app */,
				F946818F1E78D32A00F0E40B /* switchViewsDemoTests.xctest */,
				F946819A1E78D32A00F0E40B /* switchViewsDemoUITests.xctest */,
			);
			name = Products;
			sourceTree = "<group>";
		};
		F94681781E78D32A00F0E40B /* switchViewsDemo */ = {
			isa = PBXGroup;
			children = (
				F946817C1E78D32A00F0E40B /* AppDelegate.h */,
				F946817D1E78D32A00F0E40B /* AppDelegate.m */,
				F946817F1E78D32A00F0E40B /* ViewController.h */,
				F94681801E78D32A00F0E40B /* ViewController.m */,
				F94681AF1E78D6F900F0E40B /* ChildVC1.h */,
				F94681B01E78D6F900F0E40B /* ChildVC1.m */,
				F94681B21E78D71200F0E40B /* ChildVC2.h */,
				F94681B31E78D71200F0E40B /* ChildVC2.m */,
				F94681B51E78D72400F0E40B /* ChildVC3.h */,
				F94681B61E78D72400F0E40B /* ChildVC3.m */,
				F94681B91E78D75000F0E40B /* ChildVC4.h */,
				F94681BA1E78D75000F0E40B /* ChildVC4.m */,
				F92A49491E78DBCD005CE5D3 /* UIView+Extension.h */,
				F92A494A1E78DBCD005CE5D3 /* UIView+Extension.m */,
				F94681821E78D32A00F0E40B /* Main.storyboard */,
				F94681851E78D32A00F0E40B /* Assets.xcassets */,
				F94681871E78D32A00F0E40B /* LaunchScreen.storyboard */,
				F946818A1E78D32A00F0E40B /* Info.plist */,
				F94681791E78D32A00F0E40B /* Supporting Files */,
			);
			path = switchViewsDemo;
			sourceTree = "<group>";
		};
		F94681791E78D32A00F0E40B /* Supporting Files */ = {
			isa = PBXGroup;
			children = (
				F946817A1E78D32A00F0E40B /* main.m */,
			);
			name = "Supporting Files";
			sourceTree = "<group>";
		};
		F94681921E78D32A00F0E40B /* switchViewsDemoTests */ = {
			isa = PBXGroup;
			children = (
				F94681931E78D32A00F0E40B /* switchViewsDemoTests.m */,
				F94681951E78D32A00F0E40B /* Info.plist */,
			);
			path = switchViewsDemoTests;
			sourceTree = "<group>";
		};
		F946819D1E78D32A00F0E40B /* switchViewsDemoUITests */ = {
			isa = PBXGroup;
			children = (
				F946819E1E78D32A00F0E40B /* switchViewsDemoUITests.m */,
				F94681A01E78D32A00F0E40B /* Info.plist */,
			);
			path = switchViewsDemoUITests;
			sourceTree = "<group>";
		};
/* End PBXGroup section */

/* Begin PBXNativeTarget section */
		F94681751E78D32A00F0E40B /* switchViewsDemo */ = {
			isa = PBXNativeTarget;
			buildConfigurationList = F94681A31E78D32A00F0E40B /* Build configuration list for PBXNativeTarget "switchViewsDemo" */;
			buildPhases = (
				F94681721E78D32A00F0E40B /* Sources */,
				F94681731E78D32A00F0E40B /* Frameworks */,
				F94681741E78D32A00F0E40B /* Resources */,
			);
			buildRules = (
			);
			dependencies = (
			);
			name = switchViewsDemo;
			productName = switchViewsDemo;
			productReference = F94681761E78D32A00F0E40B /* switchViewsDemo.app */;
			productType = "com.apple.product-type.application";
		};
		F946818E1E78D32A00F0E40B /* switchViewsDemoTests */ = {
			isa = PBXNativeTarget;
			buildConfigurationList = F94681A61E78D32A00F0E40B /* Build configuration list for PBXNativeTarget "switchViewsDemoTests" */;
			buildPhases = (
				F946818B1E78D32A00F0E40B /* Sources */,
				F946818C1E78D32A00F0E40B /* Frameworks */,
				F946818D1E78D32A00F0E40B /* Resources */,
			);
			buildRules = (
			);
			dependencies = (
				F94681911E78D32A00F0E40B /* PBXTargetDependency */,
			);
			name = switchViewsDemoTests;
			productName = switchViewsDemoTests;
			productReference = F946818F1E78D32A00F0E40B /* switchViewsDemoTests.xctest */;
			productType = "com.apple.product-type.bundle.unit-test";
		};
		F94681991E78D32A00F0E40B /* switchViewsDemoUITests */ = {
			isa = PBXNativeTarget;
			buildConfigurationList = F94681A91E78D32A00F0E40B /* Build configuration list for PBXNativeTarget "switchViewsDemoUITests" */;
			buildPhases = (
				F94681961E78D32A00F0E40B /* Sources */,
				F94681971E78D32A00F0E40B /* Frameworks */,
				F94681981E78D32A00F0E40B /* Resources */,
			);
			buildRules = (
			);
			dependencies = (
				F946819C1E78D32A00F0E40B /* PBXTargetDependency */,
			);
			name = switchViewsDemoUITests;
			productName = switchViewsDemoUITests;
			productReference = F946819A1E78D32A00F0E40B /* switchViewsDemoUITests.xctest */;
			productType = "com.apple.product-type.bundle.ui-testing";
		};
/* End PBXNativeTarget section */

/* Begin PBXProject section */
		F946816E1E78D32A00F0E40B /* Project object */ = {
			isa = PBXProject;
			attributes = {
				LastUpgradeCheck = 0820;
				ORGANIZATIONNAME = shaw;
				TargetAttributes = {
					F94681751E78D32A00F0E40B = {
						CreatedOnToolsVersion = 8.2.1;
						ProvisioningStyle = Manual;
					};
					F946818E1E78D32A00F0E40B = {
						CreatedOnToolsVersion = 8.2.1;
						ProvisioningStyle = Automatic;
						TestTargetID = F94681751E78D32A00F0E40B;
					};
					F94681991E78D32A00F0E40B = {
						CreatedOnToolsVersion = 8.2.1;
						ProvisioningStyle = Automatic;
						TestTargetID = F94681751E78D32A00F0E40B;
					};
				};
			};
			buildConfigurationList = F94681711E78D32A00F0E40B /* Build configuration list for PBXProject "switchViewsDemo" */;
			compatibilityVersion = "Xcode 3.2";
			developmentRegion = English;
			hasScannedForEncodings = 0;
			knownRegions = (
				en,
				Base,
			);
			mainGroup = F946816D1E78D32A00F0E40B;
			productRefGroup = F94681771E78D32A00F0E40B /* Products */;
			projectDirPath = "";
			projectRoot = "";
			targets = (
				F94681751E78D32A00F0E40B /* switchViewsDemo */,
				F946818E1E78D32A00F0E40B /* switchViewsDemoTests */,
				F94681991E78D32A00F0E40B /* switchViewsDemoUITests */,
			);
		};
/* End PBXProject section */

/* Begin PBXResourcesBuildPhase section */
		F94681741E78D32A00F0E40B /* Resources */ = {
			isa = PBXResourcesBuildPhase;
			buildActionMask = 2147483647;
			files = (
				F94681891E78D32A00F0E40B /* LaunchScreen.storyboard in Resources */,
				F94681861E78D32A00F0E40B /* Assets.xcassets in Resources */,
				F94681841E78D32A00F0E40B /* Main.storyboard in Resources */,
			);
			runOnlyForDeploymentPostprocessing = 0;
		};
		F946818D1E78D32A00F0E40B /* Resources */ = {
			isa = PBXResourcesBuildPhase;
			buildActionMask = 2147483647;
			files = (
			);
			runOnlyForDeploymentPostprocessing = 0;
		};
		F94681981E78D32A00F0E40B /* Resources */ = {
			isa = PBXResourcesBuildPhase;
			buildActionMask = 2147483647;
			files = (
			);
			runOnlyForDeploymentPostprocessing = 0;
		};
/* End PBXResourcesBuildPhase section */

/* Begin PBXSourcesBuildPhase section */
		F94681721E78D32A00F0E40B /* Sources */ = {
			isa = PBXSourcesBuildPhase;
			buildActionMask = 2147483647;
			files = (
				F94681811E78D32A00F0E40B /* ViewController.m in Sources */,
				F94681B71E78D72400F0E40B /* ChildVC3.m in Sources */,
				F946817E1E78D32A00F0E40B /* AppDelegate.m in Sources */,
				F946817B1E78D32A00F0E40B /* main.m in Sources */,
				F94681BB1E78D75000F0E40B /* ChildVC4.m in Sources */,
				F94681B41E78D71200F0E40B /* ChildVC2.m in Sources */,
				F92A494B1E78DBCD005CE5D3 /* UIView+Extension.m in Sources */,
				F94681B11E78D6F900F0E40B /* ChildVC1.m in Sources */,
			);
			runOnlyForDeploymentPostprocessing = 0;
		};
		F946818B1E78D32A00F0E40B /* Sources */ = {
			isa = PBXSourcesBuildPhase;
			buildActionMask = 2147483647;
			files = (
				F94681941E78D32A00F0E40B /* switchViewsDemoTests.m in Sources */,
			);
			runOnlyForDeploymentPostprocessing = 0;
		};
		F94681961E78D32A00F0E40B /* Sources */ = {
			isa = PBXSourcesBuildPhase;
			buildActionMask = 2147483647;
			files = (
				F946819F1E78D32A00F0E40B /* switchViewsDemoUITests.m in Sources */,
			);
			runOnlyForDeploymentPostprocessing = 0;
		};
/* End PBXSourcesBuildPhase section */

/* Begin PBXTargetDependency section */
		F94681911E78D32A00F0E40B /* PBXTargetDependency */ = {
			isa = PBXTargetDependency;
			target = F94681751E78D32A00F0E40B /* switchViewsDemo */;
			targetProxy = F94681901E78D32A00F0E40B /* PBXContainerItemProxy */;
		};
		F946819C1E78D32A00F0E40B /* PBXTargetDependency */ = {
			isa = PBXTargetDependency;
			target = F94681751E78D32A00F0E40B /* switchViewsDemo */;
			targetProxy = F946819B1E78D32A00F0E40B /* PBXContainerItemProxy */;
		};
/* End PBXTargetDependency section */

/* Begin PBXVariantGroup section */
		F94681821E78D32A00F0E40B /* Main.storyboard */ = {
			isa = PBXVariantGroup;
			children = (
				F94681831E78D32A00F0E40B /* Base */,
			);
			name = Main.storyboard;
			sourceTree = "<group>";
		};
		F94681871E78D32A00F0E40B /* LaunchScreen.storyboard */ = {
			isa = PBXVariantGroup;
			children = (
				F94681881E78D32A00F0E40B /* Base */,
			);
			name = LaunchScreen.storyboard;
			sourceTree = "<group>";
		};
/* End PBXVariantGroup section */

/* Begin XCBuildConfiguration section */
		F94681A11E78D32A00F0E40B /* Debug */ = {
			isa = XCBuildConfiguration;
			buildSettings = {
				ALWAYS_SEARCH_USER_PATHS = NO;
				CLANG_ANALYZER_NONNULL = YES;
				CLANG_CXX_LANGUAGE_STANDARD = "gnu++0x";
				CLANG_CXX_LIBRARY = "libc++";
				CLANG_ENABLE_MODULES = YES;
				CLANG_ENABLE_OBJC_ARC = YES;
				CLANG_WARN_BOOL_CONVERSION = YES;
				CLANG_WARN_CONSTANT_CONVERSION = YES;
				CLANG_WARN_DIRECT_OBJC_ISA_USAGE = YES_ERROR;
				CLANG_WARN_DOCUMENTATION_COMMENTS = YES;
				CLANG_WARN_EMPTY_BODY = YES;
				CLANG_WARN_ENUM_CONVERSION = YES;
				CLANG_WARN_INFINITE_RECURSION = YES;
				CLANG_WARN_INT_CONVERSION = YES;
				CLANG_WARN_OBJC_ROOT_CLASS = YES_ERROR;
				CLANG_WARN_SUSPICIOUS_MOVE = YES;
				CLANG_WARN_UNREACHABLE_CODE = YES;
				CLANG_WARN__DUPLICATE_METHOD_MATCH = YES;
				"CODE_SIGN_IDENTITY[sdk=iphoneos*]" = "iPhone Developer";
				COPY_PHASE_STRIP = NO;
				DEBUG_INFORMATION_FORMAT = dwarf;
				ENABLE_STRICT_OBJC_MSGSEND = YES;
				ENABLE_TESTABILITY = YES;
				GCC_C_LANGUAGE_STANDARD = gnu99;
				GCC_DYNAMIC_NO_PIC = NO;
				GCC_NO_COMMON_BLOCKS = YES;
				GCC_OPTIMIZATION_LEVEL = 0;
				GCC_PREPROCESSOR_DEFINITIONS = (
					"DEBUG=1",
					"$(inherited)",
				);
				GCC_WARN_64_TO_32_BIT_CONVERSION = YES;
				GCC_WARN_ABOUT_RETURN_TYPE = YES_ERROR;
				GCC_WARN_UNDECLARED_SELECTOR = YES;
				GCC_WARN_UNINITIALIZED_AUTOS = YES_AGGRESSIVE;
				GCC_WARN_UNUSED_FUNCTION = YES;
				GCC_WARN_UNUSED_VARIABLE = YES;
				IPHONEOS_DEPLOYMENT_TARGET = 10.2;
				MTL_ENABLE_DEBUG_INFO = YES;
				ONLY_ACTIVE_ARCH = YES;
				SDKROOT = iphoneos;
				TARGETED_DEVICE_FAMILY = "1,2";
			};
			name = Debug;
		};
		F94681A21E78D32A00F0E40B /* Release */ = {
			isa = XCBuildConfiguration;
			buildSettings = {
				ALWAYS_SEARCH_USER_PATHS = NO;
				CLANG_ANALYZER_NONNULL = YES;
				CLANG_CXX_LANGUAGE_STANDARD = "gnu++0x";
				CLANG_CXX_LIBRARY = "libc++";
				CLANG_ENABLE_MODULES = YES;
				CLANG_ENABLE_OBJC_ARC = YES;
				CLANG_WARN_BOOL_CONVERSION = YES;
				CLANG_WARN_CONSTANT_CONVERSION = YES;
				CLANG_WARN_DIRECT_OBJC_ISA_USAGE = YES_ERROR;
				CLANG_WARN_DOCUMENTATION_COMMENTS = YES;
				CLANG_WARN_EMPTY_BODY = YES;
				CLANG_WARN_ENUM_CONVERSION = YES;
				CLANG_WARN_INFINITE_RECURSION = YES;
				CLANG_WARN_INT_CONVERSION = YES;
				CLANG_WARN_OBJC_ROOT_CLASS = YES_ERROR;
				CLANG_WARN_SUSPICIOUS_MOVE = YES;
				CLANG_WARN_UNREACHABLE_CODE = YES;
				CLANG_WARN__DUPLICATE_METHOD_MATCH = YES;
				"CODE_SIGN_IDENTITY[sdk=iphoneos*]" = "iPhone Developer";
				COPY_PHASE_STRIP = NO;
				DEBUG_INFORMATION_FORMAT = "dwarf-with-dsym";
				ENABLE_NS_ASSERTIONS = NO;
				ENABLE_STRICT_OBJC_MSGSEND = YES;
				GCC_C_LANGUAGE_STANDARD = gnu99;
				GCC_NO_COMMON_BLOCKS = YES;
				GCC_WARN_64_TO_32_BIT_CONVERSION = YES;
				GCC_WARN_ABOUT_RETURN_TYPE = YES_ERROR;
				GCC_WARN_UNDECLARED_SELECTOR = YES;
				GCC_WARN_UNINITIALIZED_AUTOS = YES_AGGRESSIVE;
				GCC_WARN_UNUSED_FUNCTION = YES;
				GCC_WARN_UNUSED_VARIABLE = YES;
				IPHONEOS_DEPLOYMENT_TARGET = 10.2;
				MTL_ENABLE_DEBUG_INFO = NO;
				SDKROOT = iphoneos;
				TARGETED_DEVICE_FAMILY = "1,2";
				VALIDATE_PRODUCT = YES;
			};
			name = Release;
		};
		F94681A41E78D32A00F0E40B /* Debug */ = {
			isa = XCBuildConfiguration;
			buildSettings = {
				ASSETCATALOG_COMPILER_APPICON_NAME = AppIcon;
				DEVELOPMENT_TEAM = "";
				INFOPLIST_FILE = switchViewsDemo/Info.plist;
				IPHONEOS_DEPLOYMENT_TARGET = 8.0;
				LD_RUNPATH_SEARCH_PATHS = "$(inherited) @executable_path/Frameworks";
				PRODUCT_BUNDLE_IDENTIFIER = jumper.switchViewsDemo;
				PRODUCT_NAME = "$(TARGET_NAME)";
			};
			name = Debug;
		};
		F94681A51E78D32A00F0E40B /* Release */ = {
			isa = XCBuildConfiguration;
			buildSettings = {
				ASSETCATALOG_COMPILER_APPICON_NAME = AppIcon;
				DEVELOPMENT_TEAM = "";
				INFOPLIST_FILE = switchViewsDemo/Info.plist;
				IPHONEOS_DEPLOYMENT_TARGET = 8.0;
				LD_RUNPATH_SEARCH_PATHS = "$(inherited) @executable_path/Frameworks";
				PRODUCT_BUNDLE_IDENTIFIER = jumper.switchViewsDemo;
				PRODUCT_NAME = "$(TARGET_NAME)";
			};
			name = Release;
		};
		F94681A71E78D32A00F0E40B /* Debug */ = {
			isa = XCBuildConfiguration;
			buildSettings = {
				BUNDLE_LOADER = "$(TEST_HOST)";
				INFOPLIST_FILE = switchViewsDemoTests/Info.plist;
				LD_RUNPATH_SEARCH_PATHS = "$(inherited) @executable_path/Frameworks @loader_path/Frameworks";
				PRODUCT_BUNDLE_IDENTIFIER = jumper.switchViewsDemoTests;
				PRODUCT_NAME = "$(TARGET_NAME)";
				TEST_HOST = "$(BUILT_PRODUCTS_DIR)/switchViewsDemo.app/switchViewsDemo";
			};
			name = Debug;
		};
		F94681A81E78D32A00F0E40B /* Release */ = {
			isa = XCBuildConfiguration;
			buildSettings = {
				BUNDLE_LOADER = "$(TEST_HOST)";
				INFOPLIST_FILE = switchViewsDemoTests/Info.plist;
				LD_RUNPATH_SEARCH_PATHS = "$(inherited) @executable_path/Frameworks @loader_path/Frameworks";
				PRODUCT_BUNDLE_IDENTIFIER = jumper.switchViewsDemoTests;
				PRODUCT_NAME = "$(TARGET_NAME)";
				TEST_HOST = "$(BUILT_PRODUCTS_DIR)/switchViewsDemo.app/switchViewsDemo";
			};
			name = Release;
		};
		F94681AA1E78D32A00F0E40B /* Debug */ = {
			isa = XCBuildConfiguration;
			buildSettings = {
				INFOPLIST_FILE = switchViewsDemoUITests/Info.plist;
				LD_RUNPATH_SEARCH_PATHS = "$(inherited) @executable_path/Frameworks @loader_path/Frameworks";
				PRODUCT_BUNDLE_IDENTIFIER = jumper.switchViewsDemoUITests;
				PRODUCT_NAME = "$(TARGET_NAME)";
				TEST_TARGET_NAME = switchViewsDemo;
			};
			name = Debug;
		};
		F94681AB1E78D32A00F0E40B /* Release */ = {
			isa = XCBuildConfiguration;
			buildSettings = {
				INFOPLIST_FILE = switchViewsDemoUITests/Info.plist;
				LD_RUNPATH_SEARCH_PATHS = "$(inherited) @executable_path/Frameworks @loader_path/Frameworks";
				PRODUCT_BUNDLE_IDENTIFIER = jumper.switchViewsDemoUITests;
				PRODUCT_NAME = "$(TARGET_NAME)";
				TEST_TARGET_NAME = switchViewsDemo;
			};
			name = Release;
		};
/* End XCBuildConfiguration section */

/* Begin XCConfigurationList section */
		F94681711E78D32A00F0E40B /* Build configuration list for PBXProject "switchViewsDemo" */ = {
			isa = XCConfigurationList;
			buildConfigurations = (
				F94681A11E78D32A00F0E40B /* Debug */,
				F94681A21E78D32A00F0E40B /* Release */,
			);
			defaultConfigurationIsVisible = 0;
			defaultConfigurationName = Release;
		};
		F94681A31E78D32A00F0E40B /* Build configuration list for PBXNativeTarget "switchViewsDemo" */ = {
			isa = XCConfigurationList;
			buildConfigurations = (
				F94681A41E78D32A00F0E40B /* Debug */,
				F94681A51E78D32A00F0E40B /* Release */,
			);
			defaultConfigurationIsVisible = 0;
			defaultConfigurationName = Release;
		};
		F94681A61E78D32A00F0E40B /* Build configuration list for PBXNativeTarget "switchViewsDemoTests" */ = {
			isa = XCConfigurationList;
			buildConfigurations = (
				F94681A71E78D32A00F0E40B /* Debug */,
				F94681A81E78D32A00F0E40B /* Release */,
			);
			defaultConfigurationIsVisible = 0;
			defaultConfigurationName = Release;
		};
		F94681A91E78D32A00F0E40B /* Build configuration list for PBXNativeTarget "switchViewsDemoUITests" */ = {
			isa = XCConfigurationList;
			buildConfigurations = (
				F94681AA1E78D32A00F0E40B /* Debug */,
				F94681AB1E78D32A00F0E40B /* Release */,
			);
			defaultConfigurationIsVisible = 0;
			defaultConfigurationName = Release;
		};
/* End XCConfigurationList section */
	};
	rootObject = F946816E1E78D32A00F0E40B /* Project object */;
}
